
Microsoft Visual Studio Solution File, Format Version 12.00
Project("{2150E333-8FDC-42A3-9474-1A3956D46DE8}") = "src", "src", "{ADE3464D-BE76-44CF-A723-BDDF40879803}"
EndProject
Project("{2150E333-8FDC-42A3-9474-1A3956D46DE8}") = "tests", "tests", "{29398C8C-3E06-469E-BFEB-4C7BBC431C5D}"
EndProject
Project("{FAE04EC0-301F-11D3-BF4B-00C04F79EFBC}") = "Caravel", "src\Caravel\Caravel.csproj", "{5E42F78F-AB14-4830-B79A-0790138C017D}"
EndProject
Project("{FAE04EC0-301F-11D3-BF4B-00C04F79EFBC}") = "Caravel.Tests", "tests\Caravel.Tests\Caravel.Tests.csproj", "{A89DB3CF-748E-47E8-B434-081A81F9437A}"
EndProject
Project("{FAE04EC0-301F-11D3-BF4B-00C04F79EFBC}") = "Caravel.AspNetCore.Tests", "tests\Caravel.AspNetCore.Tests\Caravel.AspNetCore.Tests.csproj", "{700D13E4-289C-4F8D-8C33-30EB65E266D5}"
EndProject
Project("{FAE04EC0-301F-11D3-BF4B-00C04F79EFBC}") = "Caravel.AspNetCore", "src\Caravel.AspNetCore\Caravel.AspNetCore.csproj", "{BF161D03-308F-4389-956A-1D8B5F8EAF4B}"
EndProject
Project("{FAE04EC0-301F-11D3-BF4B-00C04F79EFBC}") = "Caravel.EntityFramework", "src\Caravel.EntityFramework\Caravel.EntityFramework.csproj", "{5C40FF82-9740-4B2F-BB78-904D25AE37CF}"
EndProject
Project("{FAE04EC0-301F-11D3-BF4B-00C04F79EFBC}") = "Caravel.MediatR", "src\Caravel.MediatR\Caravel.MediatR.csproj", "{EDFDB0EF-B602-49BB-9C7E-1B56EE79C0EE}"
EndProject
Project("{FAE04EC0-301F-11D3-BF4B-00C04F79EFBC}") = "Caravel.MediatR.Tests", "tests\Caravel.MediatR.Tests\Caravel.MediatR.Tests.csproj", "{02FE0378-CD04-4CDE-BEFB-9E5A23C5A12D}"
EndProject
Global
	GlobalSection(SolutionConfigurationPlatforms) = preSolution
		Debug|Any CPU = Debug|Any CPU
		Release|Any CPU = Release|Any CPU
	EndGlobalSection
	GlobalSection(ProjectConfigurationPlatforms) = postSolution
		{5E42F78F-AB14-4830-B79A-0790138C017D}.Debug|Any CPU.ActiveCfg = Debug|Any CPU
		{5E42F78F-AB14-4830-B79A-0790138C017D}.Debug|Any CPU.Build.0 = Debug|Any CPU
		{5E42F78F-AB14-4830-B79A-0790138C017D}.Release|Any CPU.ActiveCfg = Release|Any CPU
		{5E42F78F-AB14-4830-B79A-0790138C017D}.Release|Any CPU.Build.0 = Release|Any CPU
		{A89DB3CF-748E-47E8-B434-081A81F9437A}.Debug|Any CPU.ActiveCfg = Debug|Any CPU
		{A89DB3CF-748E-47E8-B434-081A81F9437A}.Debug|Any CPU.Build.0 = Debug|Any CPU
		{A89DB3CF-748E-47E8-B434-081A81F9437A}.Release|Any CPU.ActiveCfg = Release|Any CPU
		{A89DB3CF-748E-47E8-B434-081A81F9437A}.Release|Any CPU.Build.0 = Release|Any CPU
		{700D13E4-289C-4F8D-8C33-30EB65E266D5}.Debug|Any CPU.ActiveCfg = Debug|Any CPU
		{700D13E4-289C-4F8D-8C33-30EB65E266D5}.Debug|Any CPU.Build.0 = Debug|Any CPU
		{700D13E4-289C-4F8D-8C33-30EB65E266D5}.Release|Any CPU.ActiveCfg = Release|Any CPU
		{700D13E4-289C-4F8D-8C33-30EB65E266D5}.Release|Any CPU.Build.0 = Release|Any CPU
		{BF161D03-308F-4389-956A-1D8B5F8EAF4B}.Debug|Any CPU.ActiveCfg = Debug|Any CPU
		{BF161D03-308F-4389-956A-1D8B5F8EAF4B}.Debug|Any CPU.Build.0 = Debug|Any CPU
		{BF161D03-308F-4389-956A-1D8B5F8EAF4B}.Release|Any CPU.ActiveCfg = Release|Any CPU
		{BF161D03-308F-4389-956A-1D8B5F8EAF4B}.Release|Any CPU.Build.0 = Release|Any CPU
		{5C40FF82-9740-4B2F-BB78-904D25AE37CF}.Debug|Any CPU.ActiveCfg = Debug|Any CPU
		{5C40FF82-9740-4B2F-BB78-904D25AE37CF}.Debug|Any CPU.Build.0 = Debug|Any CPU
		{5C40FF82-9740-4B2F-BB78-904D25AE37CF}.Release|Any CPU.ActiveCfg = Release|Any CPU
		{5C40FF82-9740-4B2F-BB78-904D25AE37CF}.Release|Any CPU.Build.0 = Release|Any CPU
		{EDFDB0EF-B602-49BB-9C7E-1B56EE79C0EE}.Debug|Any CPU.ActiveCfg = Debug|Any CPU
		{EDFDB0EF-B602-49BB-9C7E-1B56EE79C0EE}.Debug|Any CPU.Build.0 = Debug|Any CPU
		{EDFDB0EF-B602-49BB-9C7E-1B56EE79C0EE}.Release|Any CPU.ActiveCfg = Release|Any CPU
		{EDFDB0EF-B602-49BB-9C7E-1B56EE79C0EE}.Release|Any CPU.Build.0 = Release|Any CPU
		{02FE0378-CD04-4CDE-BEFB-9E5A23C5A12D}.Debug|Any CPU.ActiveCfg = Debug|Any CPU
		{02FE0378-CD04-4CDE-BEFB-9E5A23C5A12D}.Debug|Any CPU.Build.0 = Debug|Any CPU
		{02FE0378-CD04-4CDE-BEFB-9E5A23C5A12D}.Release|Any CPU.ActiveCfg = Release|Any CPU
		{02FE0378-CD04-4CDE-BEFB-9E5A23C5A12D}.Release|Any CPU.Build.0 = Release|Any CPU
	EndGlobalSection
	GlobalSection(NestedProjects) = preSolution
		{5E42F78F-AB14-4830-B79A-0790138C017D} = {ADE3464D-BE76-44CF-A723-BDDF40879803}
		{A89DB3CF-748E-47E8-B434-081A81F9437A} = {29398C8C-3E06-469E-BFEB-4C7BBC431C5D}
		{700D13E4-289C-4F8D-8C33-30EB65E266D5} = {29398C8C-3E06-469E-BFEB-4C7BBC431C5D}
		{BF161D03-308F-4389-956A-1D8B5F8EAF4B} = {ADE3464D-BE76-44CF-A723-BDDF40879803}
		{5C40FF82-9740-4B2F-BB78-904D25AE37CF} = {ADE3464D-BE76-44CF-A723-BDDF40879803}
		{EDFDB0EF-B602-49BB-9C7E-1B56EE79C0EE} = {ADE3464D-BE76-44CF-A723-BDDF40879803}
		{02FE0378-CD04-4CDE-BEFB-9E5A23C5A12D} = {29398C8C-3E06-469E-BFEB-4C7BBC431C5D}
	EndGlobalSection
EndGlobal
