
Microsoft Visual Studio Solution File, Format Version 12.00
Project("{2150E333-8FDC-42A3-9474-1A3956D46DE8}") = "src", "src", "{ADE3464D-BE76-44CF-A723-BDDF40879803}"
EndProject
Project("{2150E333-8FDC-42A3-9474-1A3956D46DE8}") = "tests", "tests", "{29398C8C-3E06-469E-BFEB-4C7BBC431C5D}"
EndProject
Project("{FAE04EC0-301F-11D3-BF4B-00C04F79EFBC}") = "Caravel", "src\Caravel\Caravel.csproj", "{5E42F78F-AB14-4830-B79A-0790138C017D}"
EndProject
Project("{FAE04EC0-301F-11D3-BF4B-00C04F79EFBC}") = "Caravel.Tests", "tests\Caravel.Tests\Caravel.Tests.csproj", "{A89DB3CF-748E-47E8-B434-081A81F9437A}"
EndProject
Project("{FAE04EC0-301F-11D3-BF4B-00C04F79EFBC}") = "Caravel.AspNetCore.Tests", "tests\Caravel.AspNetCore.Tests\Caravel.AspNetCore.Tests.csproj", "{700D13E4-289C-4F8D-8C33-30EB65E266D5}"
EndProject
Project("{FAE04EC0-301F-11D3-BF4B-00C04F79EFBC}") = "Caravel.AspNetCore", "src\Caravel.AspNetCore\Caravel.AspNetCore.csproj", "{BF161D03-308F-4389-956A-1D8B5F8EAF4B}"
EndProject
Project("{FAE04EC0-301F-11D3-BF4B-00C04F79EFBC}") = "Caravel.MediatR", "src\Caravel.MediatR\Caravel.MediatR.csproj", "{2F83E316-8ED9-423E-BBFB-41199C99BDC7}"
EndProject
Project("{FAE04EC0-301F-11D3-BF4B-00C04F79EFBC}") = "Caravel.MediatR.Tests", "tests\Caravel.MediatR.Tests\Caravel.MediatR.Tests.csproj", "{F44326F5-C184-41B0-B78F-C4F78B532D9C}"
EndProject
Global
	GlobalSection(SolutionConfigurationPlatforms) = preSolution
		Debug|Any CPU = Debug|Any CPU
		Release|Any CPU = Release|Any CPU
	EndGlobalSection
	GlobalSection(ProjectConfigurationPlatforms) = postSolution
		{5E42F78F-AB14-4830-B79A-0790138C017D}.Debug|Any CPU.ActiveCfg = Debug|Any CPU
		{5E42F78F-AB14-4830-B79A-0790138C017D}.Debug|Any CPU.Build.0 = Debug|Any CPU
		{5E42F78F-AB14-4830-B79A-0790138C017D}.Release|Any CPU.ActiveCfg = Release|Any CPU
		{5E42F78F-AB14-4830-B79A-0790138C017D}.Release|Any CPU.Build.0 = Release|Any CPU
		{A89DB3CF-748E-47E8-B434-081A81F9437A}.Debug|Any CPU.ActiveCfg = Debug|Any CPU
		{A89DB3CF-748E-47E8-B434-081A81F9437A}.Debug|Any CPU.Build.0 = Debug|Any CPU
		{A89DB3CF-748E-47E8-B434-081A81F9437A}.Release|Any CPU.ActiveCfg = Release|Any CPU
		{A89DB3CF-748E-47E8-B434-081A81F9437A}.Release|Any CPU.Build.0 = Release|Any CPU
		{700D13E4-289C-4F8D-8C33-30EB65E266D5}.Debug|Any CPU.ActiveCfg = Debug|Any CPU
		{700D13E4-289C-4F8D-8C33-30EB65E266D5}.Debug|Any CPU.Build.0 = Debug|Any CPU
		{700D13E4-289C-4F8D-8C33-30EB65E266D5}.Release|Any CPU.ActiveCfg = Release|Any CPU
		{700D13E4-289C-4F8D-8C33-30EB65E266D5}.Release|Any CPU.Build.0 = Release|Any CPU
		{BF161D03-308F-4389-956A-1D8B5F8EAF4B}.Debug|Any CPU.ActiveCfg = Debug|Any CPU
		{BF161D03-308F-4389-956A-1D8B5F8EAF4B}.Debug|Any CPU.Build.0 = Debug|Any CPU
		{BF161D03-308F-4389-956A-1D8B5F8EAF4B}.Release|Any CPU.ActiveCfg = Release|Any CPU
		{BF161D03-308F-4389-956A-1D8B5F8EAF4B}.Release|Any CPU.Build.0 = Release|Any CPU
		{2F83E316-8ED9-423E-BBFB-41199C99BDC7}.Debug|Any CPU.ActiveCfg = Debug|Any CPU
		{2F83E316-8ED9-423E-BBFB-41199C99BDC7}.Debug|Any CPU.Build.0 = Debug|Any CPU
		{2F83E316-8ED9-423E-BBFB-41199C99BDC7}.Release|Any CPU.ActiveCfg = Release|Any CPU
		{2F83E316-8ED9-423E-BBFB-41199C99BDC7}.Release|Any CPU.Build.0 = Release|Any CPU
		{F44326F5-C184-41B0-B78F-C4F78B532D9C}.Debug|Any CPU.ActiveCfg = Debug|Any CPU
		{F44326F5-C184-41B0-B78F-C4F78B532D9C}.Debug|Any CPU.Build.0 = Debug|Any CPU
		{F44326F5-C184-41B0-B78F-C4F78B532D9C}.Release|Any CPU.ActiveCfg = Release|Any CPU
		{F44326F5-C184-41B0-B78F-C4F78B532D9C}.Release|Any CPU.Build.0 = Release|Any CPU
	EndGlobalSection
	GlobalSection(NestedProjects) = preSolution
		{5E42F78F-AB14-4830-B79A-0790138C017D} = {ADE3464D-BE76-44CF-A723-BDDF40879803}
		{A89DB3CF-748E-47E8-B434-081A81F9437A} = {29398C8C-3E06-469E-BFEB-4C7BBC431C5D}
		{700D13E4-289C-4F8D-8C33-30EB65E266D5} = {29398C8C-3E06-469E-BFEB-4C7BBC431C5D}
		{BF161D03-308F-4389-956A-1D8B5F8EAF4B} = {ADE3464D-BE76-44CF-A723-BDDF40879803}
		{2F83E316-8ED9-423E-BBFB-41199C99BDC7} = {ADE3464D-BE76-44CF-A723-BDDF40879803}
		{F44326F5-C184-41B0-B78F-C4F78B532D9C} = {29398C8C-3E06-469E-BFEB-4C7BBC431C5D}
	EndGlobalSection
EndGlobal
